<?xml version="1.0" encoding="utf-8"?>
<Project ToolsVersion="4.0" xmlns="http://schemas.microsoft.com/developer/msbuild/2003">
  <ItemGroup>
    <Filter Include="Source Files">
      <UniqueIdentifier>{4FC737F1-C7A5-4376-A066-2A32D752A2FF}</UniqueIdentifier>
      <Extensions>cpp;c;cc;cxx;def;odl;idl;hpj;bat;asm;asmx</Extensions>
    </Filter>
    <Filter Include="Header Files">
      <UniqueIdentifier>{93995380-89BD-4b04-88EB-625FBE52EBFB}</UniqueIdentifier>
      <Extensions>h;hpp;hxx;hm;inl;inc;xsd</Extensions>
    </Filter>
    <Filter Include="Resource Files">
      <UniqueIdentifier>{67DA6AB6-F800-4c08-8B7A-83BB121AAD01}</UniqueIdentifier>
      <Extensions>rc;ico;cur;bmp;dlg;rc2;rct;bin;rgs;gif;jpg;jpeg;jpe;resx;tiff;tif;png;wav;mfcribbon-ms</Extensions>
    </Filter>
  </ItemGroup>
  <ItemGroup>
    <ClInclude Include="include\math\jlComp.h">
      <Filter>Header Files</Filter>
    </ClInclude>
    <ClInclude Include="include\math\jlMath.h">
      <Filter>Header Files</Filter>
    </ClInclude>
    <ClInclude Include="include\math\jlMatrix4.h">
      <Filter>Header Files</Filter>
    </ClInclude>
    <ClInclude Include="include\math\jlQuaternion.h">
      <Filter>Header Files</Filter>
    </ClInclude>
    <ClInclude Include="include\math\jlSimdFloat.h">
      <Filter>Header Files</Filter>
    </ClInclude>
    <ClInclude Include="include\math\jlVector2.h">
      <Filter>Header Files</Filter>
    </ClInclude>
    <ClInclude Include="include\math\jlVector4.h">
      <Filter>Header Files</Filter>
    </ClInclude>
    <ClInclude Include="include\util\jlMemory.h">
      <Filter>Header Files</Filter>
    </ClInclude>
    <ClInclude Include="include\util\jlRandom.h">
      <Filter>Header Files</Filter>
    </ClInclude>
    <ClInclude Include="include\util\jlTypes.h">
      <Filter>Header Files</Filter>
    </ClInclude>
    <ClInclude Include="include\jlCore.h">
      <Filter>Header Files</Filter>
    </ClInclude>
  </ItemGroup>
  <ItemGroup>
    <None Include="include\math\jlCompFPU.inl">
      <Filter>Header Files</Filter>
    </None>
    <None Include="include\math\jlCompSSE.inl">
      <Filter>Header Files</Filter>
    </None>
    <None Include="include\math\jlMath.inl">
      <Filter>Header Files</Filter>
    </None>
    <None Include="include\math\jlMathFPU.inl">
      <Filter>Header Files</Filter>
    </None>
    <None Include="include\math\jlMathSSE.inl">
      <Filter>Header Files</Filter>
    </None>
    <None Include="include\math\jlMatrix4.inl">
      <Filter>Header Files</Filter>
    </None>
    <None Include="include\math\jlQuaternion.inl">
      <Filter>Header Files</Filter>
    </None>
    <None Include="include\math\jlSimdFloatFPU.inl">
      <Filter>Header Files</Filter>
    </None>
    <None Include="include\math\jlSimdFloatSSE.inl">
      <Filter>Header Files</Filter>
    </None>
    <None Include="include\math\jlVector2.inl">
      <Filter>Header Files</Filter>
    </None>
    <None Include="include\math\jlVector4FPU.inl">
      <Filter>Header Files</Filter>
    </None>
    <None Include="include\math\jlVector4SSE.inl">
      <Filter>Header Files</Filter>
    </None>
  </ItemGroup>
  <ItemGroup>
    <ClCompile Include="source\jlmath_test.cpp">
      <Filter>Source Files</Filter>
    </ClCompile>
    <ClCompile Include="source\util\jlMemory.cpp">
      <Filter>Source Files</Filter>
    </ClCompile>
    <ClCompile Include="source\util\jlRandom.cpp">
      <Filter>Source Files</Filter>
    </ClCompile>
    <ClCompile Include="source\jlCore.cpp">
      <Filter>Source Files</Filter>
    </ClCompile>
    <ClCompile Include="source\math\jlMath.cpp">
      <Filter>Source Files</Filter>
    </ClCompile>
    <ClCompile Include="source\math\jlMatrix4.cpp">
      <Filter>Source Files</Filter>
    </ClCompile>
    <ClCompile Include="source\math\jlQuaternion.cpp">
      <Filter>Source Files</Filter>
    </ClCompile>
    <ClCompile Include="source\math\jlVector2.cpp">
      <Filter>Source Files</Filter>
    </ClCompile>
    <ClCompile Include="source\math\jlVector4.cpp">
      <Filter>Source Files</Filter>
    </ClCompile>
  </ItemGroup>
</Project>